
Microsoft Visual Studio Solution File, Format Version 12.00
# Visual Studio 15
Project("{FAE04EC0-301F-11D3-BF4B-00C04F79EFBC}") = "shippAPI", "shippAPI\shippAPI.csproj", "{7EE684A9-8A09-47C1-BDD7-B8BFDB7A1DA9}"
EndProject
Project("{FAE04EC0-301F-11D3-BF4B-00C04F79EFBC}") = "shippAPItests", "shippAPItests\shippAPItests.csproj", "{5D33FC85-E3E4-4B80-9795-290CD8540C70}"
EndProject
Global
	GlobalSection(SolutionConfigurationPlatforms) = preSolution
		Debug|Any CPU = Debug|Any CPU
		Release|Any CPU = Release|Any CPU
	EndGlobalSection
	GlobalSection(ProjectConfigurationPlatforms) = postSolution
		{7EE684A9-8A09-47C1-BDD7-B8BFDB7A1DA9}.Debug|Any CPU.ActiveCfg = Debug|Any CPU
		{7EE684A9-8A09-47C1-BDD7-B8BFDB7A1DA9}.Debug|Any CPU.Build.0 = Debug|Any CPU
		{7EE684A9-8A09-47C1-BDD7-B8BFDB7A1DA9}.Release|Any CPU.ActiveCfg = Release|Any CPU
		{7EE684A9-8A09-47C1-BDD7-B8BFDB7A1DA9}.Release|Any CPU.Build.0 = Release|Any CPU
		{5D33FC85-E3E4-4B80-9795-290CD8540C70}.Debug|Any CPU.ActiveCfg = Debug|Any CPU
		{5D33FC85-E3E4-4B80-9795-290CD8540C70}.Debug|Any CPU.Build.0 = Debug|Any CPU
		{5D33FC85-E3E4-4B80-9795-290CD8540C70}.Release|Any CPU.ActiveCfg = Release|Any CPU
		{5D33FC85-E3E4-4B80-9795-290CD8540C70}.Release|Any CPU.Build.0 = Release|Any CPU
	EndGlobalSection
EndGlobal
